
Microsoft Visual Studio Solution File, Format Version 12.00
# Visual Studio Version 16
VisualStudioVersion = 16.0.37301.9
MinimumVisualStudioVersion = 10.0.40219.1
Project("{FAE04EC0-301F-11D3-BF4B-00C04F79EFBC}") = "EspButtonHubApp", "EspButtonHubApp\EspButtonHubApp.csproj", "{A6560073-827C-4952-B30D-0A78701A5772}"
EndProject
Project("{FAE04EC0-301F-11D3-BF4B-00C04F79EFBC}") = "EspButtonHubWPF", "EspButtonHubWPF\EspButtonHubWPF.csproj", "{4ABC8416-27B6-415A-8111-9599F50238CB}"
EndProject
Global
	GlobalSection(SolutionConfigurationPlatforms) = preSolution
		Debug|Any CPU = Debug|Any CPU
		Release|Any CPU = Release|Any CPU
	EndGlobalSection
	GlobalSection(ProjectConfigurationPlatforms) = postSolution
		{A6560073-827C-4952-B30D-0A78701A5772}.Debug|Any CPU.ActiveCfg = Debug|Any CPU
		{A6560073-827C-4952-B30D-0A78701A5772}.Debug|Any CPU.Build.0 = Debug|Any CPU
		{A6560073-827C-4952-B30D-0A78701A5772}.Release|Any CPU.ActiveCfg = Release|Any CPU
		{A6560073-827C-4952-B30D-0A78701A5772}.Release|Any CPU.Build.0 = Release|Any CPU
		{4ABC8416-27B6-415A-8111-9599F50238CB}.Debug|Any CPU.ActiveCfg = Debug|Any CPU
		{4ABC8416-27B6-415A-8111-9599F50238CB}.Debug|Any CPU.Build.0 = Debug|Any CPU
		{4ABC8416-27B6-415A-8111-9599F50238CB}.Release|Any CPU.ActiveCfg = Release|Any CPU
		{4ABC8416-27B6-415A-8111-9599F50238CB}.Release|Any CPU.Build.0 = Release|Any CPU
	EndGlobalSection
	GlobalSection(SolutionProperties) = preSolution
		HideSolutionNode = FALSE
	EndGlobalSection
	GlobalSection(ExtensibilityGlobals) = postSolution
		SolutionGuid = {D95100A5-3BE7-4721-BB92-EA32F46D6875}
	EndGlobalSection
EndGlobal
